
Microsoft Visual Studio Solution File, Format Version 12.00
# Visual Studio Version 17
VisualStudioVersion = 17.0.32112.339
MinimumVisualStudioVersion = 10.0.40219.1
Project("{FAE04EC0-301F-11D3-BF4B-00C04F79EFBC}") = "WcfServiceDLL", "WcfServiceDLL\WcfServiceDLL.csproj", "{BCE80D64-3246-4725-886B-4A7E0B2A9E74}"
EndProject
Project("{FAE04EC0-301F-11D3-BF4B-00C04F79EFBC}") = "WindowsFormsApp1", "WindowsFormsApp1\WindowsFormsApp1.csproj", "{BB39BCBA-C4FF-498A-AB0A-CFD051D2EB08}"
EndProject
Project("{FAE04EC0-301F-11D3-BF4B-00C04F79EFBC}") = "DAL", "DAL\DAL.csproj", "{4D4413AC-392F-4C85-AFB2-5E245D17F21B}"
EndProject
Global
	GlobalSection(SolutionConfigurationPlatforms) = preSolution
		Debug|Any CPU = Debug|Any CPU
		Release|Any CPU = Release|Any CPU
	EndGlobalSection
	GlobalSection(ProjectConfigurationPlatforms) = postSolution
		{BCE80D64-3246-4725-886B-4A7E0B2A9E74}.Debug|Any CPU.ActiveCfg = Debug|Any CPU
		{BCE80D64-3246-4725-886B-4A7E0B2A9E74}.Debug|Any CPU.Build.0 = Debug|Any CPU
		{BCE80D64-3246-4725-886B-4A7E0B2A9E74}.Release|Any CPU.ActiveCfg = Release|Any CPU
		{BCE80D64-3246-4725-886B-4A7E0B2A9E74}.Release|Any CPU.Build.0 = Release|Any CPU
		{BB39BCBA-C4FF-498A-AB0A-CFD051D2EB08}.Debug|Any CPU.ActiveCfg = Debug|Any CPU
		{BB39BCBA-C4FF-498A-AB0A-CFD051D2EB08}.Debug|Any CPU.Build.0 = Debug|Any CPU
		{BB39BCBA-C4FF-498A-AB0A-CFD051D2EB08}.Release|Any CPU.ActiveCfg = Release|Any CPU
		{BB39BCBA-C4FF-498A-AB0A-CFD051D2EB08}.Release|Any CPU.Build.0 = Release|Any CPU
		{4D4413AC-392F-4C85-AFB2-5E245D17F21B}.Debug|Any CPU.ActiveCfg = Debug|Any CPU
		{4D4413AC-392F-4C85-AFB2-5E245D17F21B}.Debug|Any CPU.Build.0 = Debug|Any CPU
		{4D4413AC-392F-4C85-AFB2-5E245D17F21B}.Release|Any CPU.ActiveCfg = Release|Any CPU
		{4D4413AC-392F-4C85-AFB2-5E245D17F21B}.Release|Any CPU.Build.0 = Release|Any CPU
	EndGlobalSection
	GlobalSection(SolutionProperties) = preSolution
		HideSolutionNode = FALSE
	EndGlobalSection
	GlobalSection(ExtensibilityGlobals) = postSolution
		SolutionGuid = {46A7860E-4367-4CF6-981A-9BB48FEFEF78}
	EndGlobalSection
EndGlobal
